// !$*UTF8*$!
{
	archiveVersion = 1;
	classes = {
	};
	objectVersion = 55;
	objects = {

/* Begin PBXBuildFile section */
		8CBA26B72790514400F329FB /* AppDelegate.m in Sources */ = {isa = PBXBuildFile; fileRef = 8CBA26B62790514400F329FB /* AppDelegate.m */; };
		8CBA26BD2790514400F329FB /* ViewController.m in Sources */ = {isa = PBXBuildFile; fileRef = 8CBA26BC2790514400F329FB /* ViewController.m */; };
		8CBA26C02790514400F329FB /* Main.storyboard in Resources */ = {isa = PBXBuildFile; fileRef = 8CBA26BE2790514400F329FB /* Main.storyboard */; };
		8CBA26C22790514800F329FB /* Assets.xcassets in Resources */ = {isa = PBXBuildFile; fileRef = 8CBA26C12790514800F329FB /* Assets.xcassets */; };
		8CBA26C52790514800F329FB /* LaunchScreen.storyboard in Resources */ = {isa = PBXBuildFile; fileRef = 8CBA26C32790514800F329FB /* LaunchScreen.storyboard */; };
		8CBA26C82790514800F329FB /* main.m in Sources */ = {isa = PBXBuildFile; fileRef = 8CBA26C72790514800F329FB /* main.m */; };
		8CBA26D22790514800F329FB /* LLLuaOCBridgeTests.m in Sources */ = {isa = PBXBuildFile; fileRef = 8CBA26D12790514800F329FB /* LLLuaOCBridgeTests.m */; };
		8CBA26DC2790514800F329FB /* LLLuaOCBridgeUITests.m in Sources */ = {isa = PBXBuildFile; fileRef = 8CBA26DB2790514800F329FB /* LLLuaOCBridgeUITests.m */; };
		8CBA26DE2790514800F329FB /* LLLuaOCBridgeUITestsLaunchTests.m in Sources */ = {isa = PBXBuildFile; fileRef = 8CBA26DD2790514800F329FB /* LLLuaOCBridgeUITestsLaunchTests.m */; };
/* End PBXBuildFile section */

/* Begin PBXContainerItemProxy section */
		8CBA26CE2790514800F329FB /* PBXContainerItemProxy */ = {
			isa = PBXContainerItemProxy;
			containerPortal = 8CBA26AA2790514400F329FB /* Project object */;
			proxyType = 1;
			remoteGlobalIDString = 8CBA26B12790514400F329FB;
			remoteInfo = LLLuaOCBridge;
		};
		8CBA26D82790514800F329FB /* PBXContainerItemProxy */ = {
			isa = PBXContainerItemProxy;
			containerPortal = 8CBA26AA2790514400F329FB /* Project object */;
			proxyType = 1;
			remoteGlobalIDString = 8CBA26B12790514400F329FB;
			remoteInfo = LLLuaOCBridge;
		};
/* End PBXContainerItemProxy section */

/* Begin PBXFileReference section */
		8CBA26B22790514400F329FB /* LLLuaOCBridge.app */ = {isa = PBXFileReference; explicitFileType = wrapper.application; includeInIndex = 0; path = LLLuaOCBridge.app; sourceTree = BUILT_PRODUCTS_DIR; };
		8CBA26B52790514400F329FB /* AppDelegate.h */ = {isa = PBXFileReference; lastKnownFileType = sourcecode.c.h; path = AppDelegate.h; sourceTree = "<group>"; };
		8CBA26B62790514400F329FB /* AppDelegate.m */ = {isa = PBXFileReference; lastKnownFileType = sourcecode.c.objc; path = AppDelegate.m; sourceTree = "<group>"; };
		8CBA26BB2790514400F329FB /* ViewController.h */ = {isa = PBXFileReference; lastKnownFileType = sourcecode.c.h; path = ViewController.h; sourceTree = "<group>"; };
		8CBA26BC2790514400F329FB /* ViewController.m */ = {isa = PBXFileReference; lastKnownFileType = sourcecode.c.objc; path = ViewController.m; sourceTree = "<group>"; };
		8CBA26BF2790514400F329FB /* Base */ = {isa = PBXFileReference; lastKnownFileType = file.storyboard; name = Base; path = Base.lproj/Main.storyboard; sourceTree = "<group>"; };
		8CBA26C12790514800F329FB /* Assets.xcassets */ = {isa = PBXFileReference; lastKnownFileType = folder.assetcatalog; path = Assets.xcassets; sourceTree = "<group>"; };
		8CBA26C42790514800F329FB /* Base */ = {isa = PBXFileReference; lastKnownFileType = file.storyboard; name = Base; path = Base.lproj/LaunchScreen.storyboard; sourceTree = "<group>"; };
		8CBA26C62790514800F329FB /* Info.plist */ = {isa = PBXFileReference; lastKnownFileType = text.plist.xml; path = Info.plist; sourceTree = "<group>"; };
		8CBA26C72790514800F329FB /* main.m */ = {isa = PBXFileReference; lastKnownFileType = sourcecode.c.objc; path = main.m; sourceTree = "<group>"; };
		8CBA26CD2790514800F329FB /* LLLuaOCBridgeTests.xctest */ = {isa = PBXFileReference; explicitFileType = wrapper.cfbundle; includeInIndex = 0; path = LLLuaOCBridgeTests.xctest; sourceTree = BUILT_PRODUCTS_DIR; };
		8CBA26D12790514800F329FB /* LLLuaOCBridgeTests.m */ = {isa = PBXFileReference; lastKnownFileType = sourcecode.c.objc; path = LLLuaOCBridgeTests.m; sourceTree = "<group>"; };
		8CBA26D72790514800F329FB /* LLLuaOCBridgeUITests.xctest */ = {isa = PBXFileReference; explicitFileType = wrapper.cfbundle; includeInIndex = 0; path = LLLuaOCBridgeUITests.xctest; sourceTree = BUILT_PRODUCTS_DIR; };
		8CBA26DB2790514800F329FB /* LLLuaOCBridgeUITests.m */ = {isa = PBXFileReference; lastKnownFileType = sourcecode.c.objc; path = LLLuaOCBridgeUITests.m; sourceTree = "<group>"; };
		8CBA26DD2790514800F329FB /* LLLuaOCBridgeUITestsLaunchTests.m */ = {isa = PBXFileReference; lastKnownFileType = sourcecode.c.objc; path = LLLuaOCBridgeUITestsLaunchTests.m; sourceTree = "<group>"; };
/* End PBXFileReference section */

/* Begin PBXFrameworksBuildPhase section */
		8CBA26AF2790514400F329FB /* Frameworks */ = {
			isa = PBXFrameworksBuildPhase;
			buildActionMask = 2147483647;
			files = (
			);
			runOnlyForDeploymentPostprocessing = 0;
		};
		8CBA26CA2790514800F329FB /* Frameworks */ = {
			isa = PBXFrameworksBuildPhase;
			buildActionMask = 2147483647;
			files = (
			);
			runOnlyForDeploymentPostprocessing = 0;
		};
		8CBA26D42790514800F329FB /* Frameworks */ = {
			isa = PBXFrameworksBuildPhase;
			buildActionMask = 2147483647;
			files = (
			);
			runOnlyForDeploymentPostprocessing = 0;
		};
/* End PBXFrameworksBuildPhase section */

/* Begin PBXGroup section */
		8CBA26A92790514400F329FB = {
			isa = PBXGroup;
			children = (
				8CBA26B42790514400F329FB /* LLLuaOCBridge */,
				8CBA26D02790514800F329FB /* LLLuaOCBridgeTests */,
				8CBA26DA2790514800F329FB /* LLLuaOCBridgeUITests */,
				8CBA26B32790514400F329FB /* Products */,
			);
			sourceTree = "<group>";
		};
		8CBA26B32790514400F329FB /* Products */ = {
			isa = PBXGroup;
			children = (
				8CBA26B22790514400F329FB /* LLLuaOCBridge.app */,
				8CBA26CD2790514800F329FB /* LLLuaOCBridgeTests.xctest */,
				8CBA26D72790514800F329FB /* LLLuaOCBridgeUITests.xctest */,
			);
			name = Products;
			sourceTree = "<group>";
		};
		8CBA26B42790514400F329FB /* LLLuaOCBridge */ = {
			isa = PBXGroup;
			children = (
				8CBA26B52790514400F329FB /* AppDelegate.h */,
				8CBA26B62790514400F329FB /* AppDelegate.m */,
				8CBA26BB2790514400F329FB /* ViewController.h */,
				8CBA26BC2790514400F329FB /* ViewController.m */,
				8CBA26BE2790514400F329FB /* Main.storyboard */,
				8CBA26C12790514800F329FB /* Assets.xcassets */,
				8CBA26C32790514800F329FB /* LaunchScreen.storyboard */,
				8CBA26C62790514800F329FB /* Info.plist */,
				8CBA26C72790514800F329FB /* main.m */,
			);
			path = LLLuaOCBridge;
			sourceTree = "<group>";
		};
		8CBA26D02790514800F329FB /* LLLuaOCBridgeTests */ = {
			isa = PBXGroup;
			children = (
				8CBA26D12790514800F329FB /* LLLuaOCBridgeTests.m */,
			);
			path = LLLuaOCBridgeTests;
			sourceTree = "<group>";
		};
		8CBA26DA2790514800F329FB /* LLLuaOCBridgeUITests */ = {
			isa = PBXGroup;
			children = (
				8CBA26DB2790514800F329FB /* LLLuaOCBridgeUITests.m */,
				8CBA26DD2790514800F329FB /* LLLuaOCBridgeUITestsLaunchTests.m */,
			);
			path = LLLuaOCBridgeUITests;
			sourceTree = "<group>";
		};
/* End PBXGroup section */

/* Begin PBXNativeTarget section */
		8CBA26B12790514400F329FB /* LLLuaOCBridge */ = {
			isa = PBXNativeTarget;
			buildConfigurationList = 8CBA26E12790514800F329FB /* Build configuration list for PBXNativeTarget "LLLuaOCBridge" */;
			buildPhases = (
				8CBA26AE2790514400F329FB /* Sources */,
				8CBA26AF2790514400F329FB /* Frameworks */,
				8CBA26B02790514400F329FB /* Resources */,
			);
			buildRules = (
			);
			dependencies = (
			);
			name = LLLuaOCBridge;
			productName = LLLuaOCBridge;
			productReference = 8CBA26B22790514400F329FB /* LLLuaOCBridge.app */;
			productType = "com.apple.product-type.application";
		};
		8CBA26CC2790514800F329FB /* LLLuaOCBridgeTests */ = {
			isa = PBXNativeTarget;
			buildConfigurationList = 8CBA26E42790514800F329FB /* Build configuration list for PBXNativeTarget "LLLuaOCBridgeTests" */;
			buildPhases = (
				8CBA26C92790514800F329FB /* Sources */,
				8CBA26CA2790514800F329FB /* Frameworks */,
				8CBA26CB2790514800F329FB /* Resources */,
			);
			buildRules = (
			);
			dependencies = (
				8CBA26CF2790514800F329FB /* PBXTargetDependency */,
			);
			name = LLLuaOCBridgeTests;
			productName = LLLuaOCBridgeTests;
			productReference = 8CBA26CD2790514800F329FB /* LLLuaOCBridgeTests.xctest */;
			productType = "com.apple.product-type.bundle.unit-test";
		};
		8CBA26D62790514800F329FB /* LLLuaOCBridgeUITests */ = {
			isa = PBXNativeTarget;
			buildConfigurationList = 8CBA26E72790514800F329FB /* Build configuration list for PBXNativeTarget "LLLuaOCBridgeUITests" */;
			buildPhases = (
				8CBA26D32790514800F329FB /* Sources */,
				8CBA26D42790514800F329FB /* Frameworks */,
				8CBA26D52790514800F329FB /* Resources */,
			);
			buildRules = (
			);
			dependencies = (
				8CBA26D92790514800F329FB /* PBXTargetDependency */,
			);
			name = LLLuaOCBridgeUITests;
			productName = LLLuaOCBridgeUITests;
			productReference = 8CBA26D72790514800F329FB /* LLLuaOCBridgeUITests.xctest */;
			productType = "com.apple.product-type.bundle.ui-testing";
		};
/* End PBXNativeTarget section */

/* Begin PBXProject section */
		8CBA26AA2790514400F329FB /* Project object */ = {
			isa = PBXProject;
			attributes = {
				BuildIndependentTargetsInParallel = 1;
				LastUpgradeCheck = 1310;
				TargetAttributes = {
					8CBA26B12790514400F329FB = {
						CreatedOnToolsVersion = 13.1;
					};
					8CBA26CC2790514800F329FB = {
						CreatedOnToolsVersion = 13.1;
						TestTargetID = 8CBA26B12790514400F329FB;
					};
					8CBA26D62790514800F329FB = {
						CreatedOnToolsVersion = 13.1;
						TestTargetID = 8CBA26B12790514400F329FB;
					};
				};
			};
			buildConfigurationList = 8CBA26AD2790514400F329FB /* Build configuration list for PBXProject "LLLuaOCBridge" */;
			compatibilityVersion = "Xcode 13.0";
			developmentRegion = en;
			hasScannedForEncodings = 0;
			knownRegions = (
				en,
				Base,
			);
			mainGroup = 8CBA26A92790514400F329FB;
			productRefGroup = 8CBA26B32790514400F329FB /* Products */;
			projectDirPath = "";
			projectRoot = "";
			targets = (
				8CBA26B12790514400F329FB /* LLLuaOCBridge */,
				8CBA26CC2790514800F329FB /* LLLuaOCBridgeTests */,
				8CBA26D62790514800F329FB /* LLLuaOCBridgeUITests */,
			);
		};
/* End PBXProject section */

/* Begin PBXResourcesBuildPhase section */
		8CBA26B02790514400F329FB /* Resources */ = {
			isa = PBXResourcesBuildPhase;
			buildActionMask = 2147483647;
			files = (
				8CBA26C52790514800F329FB /* LaunchScreen.storyboard in Resources */,
				8CBA26C22790514800F329FB /* Assets.xcassets in Resources */,
				8CBA26C02790514400F329FB /* Main.storyboard in Resources */,
			);
			runOnlyForDeploymentPostprocessing = 0;
		};
		8CBA26CB2790514800F329FB /* Resources */ = {
			isa = PBXResourcesBuildPhase;
			buildActionMask = 2147483647;
			files = (
			);
			runOnlyForDeploymentPostprocessing = 0;
		};
		8CBA26D52790514800F329FB /* Resources */ = {
			isa = PBXResourcesBuildPhase;
			buildActionMask = 2147483647;
			files = (
			);
			runOnlyForDeploymentPostprocessing = 0;
		};
/* End PBXResourcesBuildPhase section */

/* Begin PBXSourcesBuildPhase section */
		8CBA26AE2790514400F329FB /* Sources */ = {
			isa = PBXSourcesBuildPhase;
			buildActionMask = 2147483647;
			files = (
				8CBA26BD2790514400F329FB /* ViewController.m in Sources */,
				8CBA26B72790514400F329FB /* AppDelegate.m in Sources */,
				8CBA26C82790514800F329FB /* main.m in Sources */,
			);
			runOnlyForDeploymentPostprocessing = 0;
		};
		8CBA26C92790514800F329FB /* Sources */ = {
			isa = PBXSourcesBuildPhase;
			buildActionMask = 2147483647;
			files = (
				8CBA26D22790514800F329FB /* LLLuaOCBridgeTests.m in Sources */,
			);
			runOnlyForDeploymentPostprocessing = 0;
		};
		8CBA26D32790514800F329FB /* Sources */ = {
			isa = PBXSourcesBuildPhase;
			buildActionMask = 2147483647;
			files = (
				8CBA26DE2790514800F329FB /* LLLuaOCBridgeUITestsLaunchTests.m in Sources */,
				8CBA26DC2790514800F329FB /* LLLuaOCBridgeUITests.m in Sources */,
			);
			runOnlyForDeploymentPostprocessing = 0;
		};
/* End PBXSourcesBuildPhase section */

/* Begin PBXTargetDependency section */
		8CBA26CF2790514800F329FB /* PBXTargetDependency */ = {
			isa = PBXTargetDependency;
			target = 8CBA26B12790514400F329FB /* LLLuaOCBridge */;
			targetProxy = 8CBA26CE2790514800F329FB /* PBXContainerItemProxy */;
		};
		8CBA26D92790514800F329FB /* PBXTargetDependency */ = {
			isa = PBXTargetDependency;
			target = 8CBA26B12790514400F329FB /* LLLuaOCBridge */;
			targetProxy = 8CBA26D82790514800F329FB /* PBXContainerItemProxy */;
		};
/* End PBXTargetDependency section */

/* Begin PBXVariantGroup section */
		8CBA26BE2790514400F329FB /* Main.storyboard */ = {
			isa = PBXVariantGroup;
			children = (
				8CBA26BF2790514400F329FB /* Base */,
			);
			name = Main.storyboard;
			sourceTree = "<group>";
		};
		8CBA26C32790514800F329FB /* LaunchScreen.storyboard */ = {
			isa = PBXVariantGroup;
			children = (
				8CBA26C42790514800F329FB /* Base */,
			);
			name = LaunchScreen.storyboard;
			sourceTree = "<group>";
		};
/* End PBXVariantGroup section */

/* Begin XCBuildConfiguration section */
		8CBA26DF2790514800F329FB /* Debug */ = {
			isa = XCBuildConfiguration;
			buildSettings = {
				ALWAYS_SEARCH_USER_PATHS = NO;
				CLANG_ANALYZER_NONNULL = YES;
				CLANG_ANALYZER_NUMBER_OBJECT_CONVERSION = YES_AGGRESSIVE;
				CLANG_CXX_LANGUAGE_STANDARD = "gnu++17";
				CLANG_CXX_LIBRARY = "libc++";
				CLANG_ENABLE_MODULES = YES;
				CLANG_ENABLE_OBJC_ARC = YES;
				CLANG_ENABLE_OBJC_WEAK = YES;
				CLANG_WARN_BLOCK_CAPTURE_AUTORELEASING = YES;
				CLANG_WARN_BOOL_CONVERSION = YES;
				CLANG_WARN_COMMA = YES;
				CLANG_WARN_CONSTANT_CONVERSION = YES;
				CLANG_WARN_DEPRECATED_OBJC_IMPLEMENTATIONS = YES;
				CLANG_WARN_DIRECT_OBJC_ISA_USAGE = YES_ERROR;
				CLANG_WARN_DOCUMENTATION_COMMENTS = YES;
				CLANG_WARN_EMPTY_BODY = YES;
				CLANG_WARN_ENUM_CONVERSION = YES;
				CLANG_WARN_INFINITE_RECURSION = YES;
				CLANG_WARN_INT_CONVERSION = YES;
				CLANG_WARN_NON_LITERAL_NULL_CONVERSION = YES;
				CLANG_WARN_OBJC_IMPLICIT_RETAIN_SELF = YES;
				CLANG_WARN_OBJC_LITERAL_CONVERSION = YES;
				CLANG_WARN_OBJC_ROOT_CLASS = YES_ERROR;
				CLANG_WARN_QUOTED_INCLUDE_IN_FRAMEWORK_HEADER = YES;
				CLANG_WARN_RANGE_LOOP_ANALYSIS = YES;
				CLANG_WARN_STRICT_PROTOTYPES = YES;
				CLANG_WARN_SUSPICIOUS_MOVE = YES;
				CLANG_WARN_UNGUARDED_AVAILABILITY = YES_AGGRESSIVE;
				CLANG_WARN_UNREACHABLE_CODE = YES;
				CLANG_WARN__DUPLICATE_METHOD_MATCH = YES;
				COPY_PHASE_STRIP = NO;
				DEBUG_INFORMATION_FORMAT = dwarf;
				ENABLE_STRICT_OBJC_MSGSEND = YES;
				ENABLE_TESTABILITY = YES;
				GCC_C_LANGUAGE_STANDARD = gnu11;
				GCC_DYNAMIC_NO_PIC = NO;
				GCC_NO_COMMON_BLOCKS = YES;
				GCC_OPTIMIZATION_LEVEL = 0;
				GCC_PREPROCESSOR_DEFINITIONS = (
					"DEBUG=1",
					"$(inherited)",
				);
				GCC_WARN_64_TO_32_BIT_CONVERSION = YES;
				GCC_WARN_ABOUT_RETURN_TYPE = YES_ERROR;
				GCC_WARN_UNDECLARED_SELECTOR = YES;
				GCC_WARN_UNINITIALIZED_AUTOS = YES_AGGRESSIVE;
				GCC_WARN_UNUSED_FUNCTION = YES;
				GCC_WARN_UNUSED_VARIABLE = YES;
				IPHONEOS_DEPLOYMENT_TARGET = 15.0;
				MTL_ENABLE_DEBUG_INFO = INCLUDE_SOURCE;
				MTL_FAST_MATH = YES;
				ONLY_ACTIVE_ARCH = YES;
				SDKROOT = iphoneos;
			};
			name = Debug;
		};
		8CBA26E02790514800F329FB /* Release */ = {
			isa = XCBuildConfiguration;
			buildSettings = {
				ALWAYS_SEARCH_USER_PATHS = NO;
				CLANG_ANALYZER_NONNULL = YES;
				CLANG_ANALYZER_NUMBER_OBJECT_CONVERSION = YES_AGGRESSIVE;
				CLANG_CXX_LANGUAGE_STANDARD = "gnu++17";
				CLANG_CXX_LIBRARY = "libc++";
				CLANG_ENABLE_MODULES = YES;
				CLANG_ENABLE_OBJC_ARC = YES;
				CLANG_ENABLE_OBJC_WEAK = YES;
				CLANG_WARN_BLOCK_CAPTURE_AUTORELEASING = YES;
				CLANG_WARN_BOOL_CONVERSION = YES;
				CLANG_WARN_COMMA = YES;
				CLANG_WARN_CONSTANT_CONVERSION = YES;
				CLANG_WARN_DEPRECATED_OBJC_IMPLEMENTATIONS = YES;
				CLANG_WARN_DIRECT_OBJC_ISA_USAGE = YES_ERROR;
				CLANG_WARN_DOCUMENTATION_COMMENTS = YES;
				CLANG_WARN_EMPTY_BODY = YES;
				CLANG_WARN_ENUM_CONVERSION = YES;
				CLANG_WARN_INFINITE_RECURSION = YES;
				CLANG_WARN_INT_CONVERSION = YES;
				CLANG_WARN_NON_LITERAL_NULL_CONVERSION = YES;
				CLANG_WARN_OBJC_IMPLICIT_RETAIN_SELF = YES;
				CLANG_WARN_OBJC_LITERAL_CONVERSION = YES;
				CLANG_WARN_OBJC_ROOT_CLASS = YES_ERROR;
				CLANG_WARN_QUOTED_INCLUDE_IN_FRAMEWORK_HEADER = YES;
				CLANG_WARN_RANGE_LOOP_ANALYSIS = YES;
				CLANG_WARN_STRICT_PROTOTYPES = YES;
				CLANG_WARN_SUSPICIOUS_MOVE = YES;
				CLANG_WARN_UNGUARDED_AVAILABILITY = YES_AGGRESSIVE;
				CLANG_WARN_UNREACHABLE_CODE = YES;
				CLANG_WARN__DUPLICATE_METHOD_MATCH = YES;
				COPY_PHASE_STRIP = NO;
				DEBUG_INFORMATION_FORMAT = "dwarf-with-dsym";
				ENABLE_NS_ASSERTIONS = NO;
				ENABLE_STRICT_OBJC_MSGSEND = YES;
				GCC_C_LANGUAGE_STANDARD = gnu11;
				GCC_NO_COMMON_BLOCKS = YES;
				GCC_WARN_64_TO_32_BIT_CONVERSION = YES;
				GCC_WARN_ABOUT_RETURN_TYPE = YES_ERROR;
				GCC_WARN_UNDECLARED_SELECTOR = YES;
				GCC_WARN_UNINITIALIZED_AUTOS = YES_AGGRESSIVE;
				GCC_WARN_UNUSED_FUNCTION = YES;
				GCC_WARN_UNUSED_VARIABLE = YES;
				IPHONEOS_DEPLOYMENT_TARGET = 15.0;
				MTL_ENABLE_DEBUG_INFO = NO;
				MTL_FAST_MATH = YES;
				SDKROOT = iphoneos;
				VALIDATE_PRODUCT = YES;
			};
			name = Release;
		};
		8CBA26E22790514800F329FB /* Debug */ = {
			isa = XCBuildConfiguration;
			buildSettings = {
				ASSETCATALOG_COMPILER_APPICON_NAME = AppIcon;
				ASSETCATALOG_COMPILER_GLOBAL_ACCENT_COLOR_NAME = AccentColor;
				CODE_SIGN_STYLE = Automatic;
				CURRENT_PROJECT_VERSION = 1;
				GENERATE_INFOPLIST_FILE = YES;
				INFOPLIST_FILE = LLLuaOCBridge/Info.plist;
				INFOPLIST_KEY_UIApplicationSupportsIndirectInputEvents = YES;
				INFOPLIST_KEY_UILaunchStoryboardName = LaunchScreen;
				INFOPLIST_KEY_UIMainStoryboardFile = Main;
				INFOPLIST_KEY_UISupportedInterfaceOrientations_iPad = "UIInterfaceOrientationPortrait UIInterfaceOrientationPortraitUpsideDown UIInterfaceOrientationLandscapeLeft UIInterfaceOrientationLandscapeRight";
				INFOPLIST_KEY_UISupportedInterfaceOrientations_iPhone = "UIInterfaceOrientationPortrait UIInterfaceOrientationLandscapeLeft UIInterfaceOrientationLandscapeRight";
				LD_RUNPATH_SEARCH_PATHS = (
					"$(inherited)",
					"@executable_path/Frameworks",
				);
				MARKETING_VERSION = 1.0;
				PRODUCT_BUNDLE_IDENTIFIER = liushaohua02.LLLuaOCBridge;
				PRODUCT_NAME = "$(TARGET_NAME)";
				SWIFT_EMIT_LOC_STRINGS = YES;
				TARGETED_DEVICE_FAMILY = "1,2";
			};
			name = Debug;
		};
		8CBA26E32790514800F329FB /* Release */ = {
			isa = XCBuildConfiguration;
			buildSettings = {
				ASSETCATALOG_COMPILER_APPICON_NAME = AppIcon;
				ASSETCATALOG_COMPILER_GLOBAL_ACCENT_COLOR_NAME = AccentColor;
				CODE_SIGN_STYLE = Automatic;
				CURRENT_PROJECT_VERSION = 1;
				GENERATE_INFOPLIST_FILE = YES;
				INFOPLIST_FILE = LLLuaOCBridge/Info.plist;
				INFOPLIST_KEY_UIApplicationSupportsIndirectInputEvents = YES;
				INFOPLIST_KEY_UILaunchStoryboardName = LaunchScreen;
				INFOPLIST_KEY_UIMainStoryboardFile = Main;
				INFOPLIST_KEY_UISupportedInterfaceOrientations_iPad = "UIInterfaceOrientationPortrait UIInterfaceOrientationPortraitUpsideDown UIInterfaceOrientationLandscapeLeft UIInterfaceOrientationLandscapeRight";
				INFOPLIST_KEY_UISupportedInterfaceOrientations_iPhone = "UIInterfaceOrientationPortrait UIInterfaceOrientationLandscapeLeft UIInterfaceOrientationLandscapeRight";
				LD_RUNPATH_SEARCH_PATHS = (
					"$(inherited)",
					"@executable_path/Frameworks",
				);
				MARKETING_VERSION = 1.0;
				PRODUCT_BUNDLE_IDENTIFIER = liushaohua02.LLLuaOCBridge;
				PRODUCT_NAME = "$(TARGET_NAME)";
				SWIFT_EMIT_LOC_STRINGS = YES;
				TARGETED_DEVICE_FAMILY = "1,2";
			};
			name = Release;
		};
		8CBA26E52790514800F329FB /* Debug */ = {
			isa = XCBuildConfiguration;
			buildSettings = {
				BUNDLE_LOADER = "$(TEST_HOST)";
				CODE_SIGN_STYLE = Automatic;
				CURRENT_PROJECT_VERSION = 1;
				GENERATE_INFOPLIST_FILE = YES;
				IPHONEOS_DEPLOYMENT_TARGET = 15.0;
				LD_RUNPATH_SEARCH_PATHS = (
					"$(inherited)",
					"@executable_path/Frameworks",
					"@loader_path/Frameworks",
				);
				MARKETING_VERSION = 1.0;
				PRODUCT_BUNDLE_IDENTIFIER = liushaohua02.LLLuaOCBridgeTests;
				PRODUCT_NAME = "$(TARGET_NAME)";
				SWIFT_EMIT_LOC_STRINGS = NO;
				TARGETED_DEVICE_FAMILY = "1,2";
				TEST_HOST = "$(BUILT_PRODUCTS_DIR)/LLLuaOCBridge.app/LLLuaOCBridge";
			};
			name = Debug;
		};
		8CBA26E62790514800F329FB /* Release */ = {
			isa = XCBuildConfiguration;
			buildSettings = {
				BUNDLE_LOADER = "$(TEST_HOST)";
				CODE_SIGN_STYLE = Automatic;
				CURRENT_PROJECT_VERSION = 1;
				GENERATE_INFOPLIST_FILE = YES;
				IPHONEOS_DEPLOYMENT_TARGET = 15.0;
				LD_RUNPATH_SEARCH_PATHS = (
					"$(inherited)",
					"@executable_path/Frameworks",
					"@loader_path/Frameworks",
				);
				MARKETING_VERSION = 1.0;
				PRODUCT_BUNDLE_IDENTIFIER = liushaohua02.LLLuaOCBridgeTests;
				PRODUCT_NAME = "$(TARGET_NAME)";
				SWIFT_EMIT_LOC_STRINGS = NO;
				TARGETED_DEVICE_FAMILY = "1,2";
				TEST_HOST = "$(BUILT_PRODUCTS_DIR)/LLLuaOCBridge.app/LLLuaOCBridge";
			};
			name = Release;
		};
		8CBA26E82790514800F329FB /* Debug */ = {
			isa = XCBuildConfiguration;
			buildSettings = {
				CODE_SIGN_STYLE = Automatic;
				CURRENT_PROJECT_VERSION = 1;
				GENERATE_INFOPLIST_FILE = YES;
				LD_RUNPATH_SEARCH_PATHS = (
					"$(inherited)",
					"@executable_path/Frameworks",
					"@loader_path/Frameworks",
				);
				MARKETING_VERSION = 1.0;
				PRODUCT_BUNDLE_IDENTIFIER = liushaohua02.LLLuaOCBridgeUITests;
				PRODUCT_NAME = "$(TARGET_NAME)";
				SWIFT_EMIT_LOC_STRINGS = NO;
				TARGETED_DEVICE_FAMILY = "1,2";
				TEST_TARGET_NAME = LLLuaOCBridge;
			};
			name = Debug;
		};
		8CBA26E92790514800F329FB /* Release */ = {
			isa = XCBuildConfiguration;
			buildSettings = {
				CODE_SIGN_STYLE = Automatic;
				CURRENT_PROJECT_VERSION = 1;
				GENERATE_INFOPLIST_FILE = YES;
				LD_RUNPATH_SEARCH_PATHS = (
					"$(inherited)",
					"@executable_path/Frameworks",
					"@loader_path/Frameworks",
				);
				MARKETING_VERSION = 1.0;
				PRODUCT_BUNDLE_IDENTIFIER = liushaohua02.LLLuaOCBridgeUITests;
				PRODUCT_NAME = "$(TARGET_NAME)";
				SWIFT_EMIT_LOC_STRINGS = NO;
				TARGETED_DEVICE_FAMILY = "1,2";
				TEST_TARGET_NAME = LLLuaOCBridge;
			};
			name = Release;
		};
/* End XCBuildConfiguration section */

/* Begin XCConfigurationList section */
		8CBA26AD2790514400F329FB /* Build configuration list for PBXProject "LLLuaOCBridge" */ = {
			isa = XCConfigurationList;
			buildConfigurations = (
				8CBA26DF2790514800F329FB /* Debug */,
				8CBA26E02790514800F329FB /* Release */,
			);
			defaultConfigurationIsVisible = 0;
			defaultConfigurationName = Release;
		};
		8CBA26E12790514800F329FB /* Build configuration list for PBXNativeTarget "LLLuaOCBridge" */ = {
			isa = XCConfigurationList;
			buildConfigurations = (
				8CBA26E22790514800F329FB /* Debug */,
				8CBA26E32790514800F329FB /* Release */,
			);
			defaultConfigurationIsVisible = 0;
			defaultConfigurationName = Release;
		};
		8CBA26E42790514800F329FB /* Build configuration list for PBXNativeTarget "LLLuaOCBridgeTests" */ = {
			isa = XCConfigurationList;
			buildConfigurations = (
				8CBA26E52790514800F329FB /* Debug */,
				8CBA26E62790514800F329FB /* Release */,
			);
			defaultConfigurationIsVisible = 0;
			defaultConfigurationName = Release;
		};
		8CBA26E72790514800F329FB /* Build configuration list for PBXNativeTarget "LLLuaOCBridgeUITests" */ = {
			isa = XCConfigurationList;
			buildConfigurations = (
				8CBA26E82790514800F329FB /* Debug */,
				8CBA26E92790514800F329FB /* Release */,
			);
			defaultConfigurationIsVisible = 0;
			defaultConfigurationName = Release;
		};
/* End XCConfigurationList section */
	};
	rootObject = 8CBA26AA2790514400F329FB /* Project object */;
}
